
Microsoft Visual Studio Solution File, Format Version 12.00
# Visual Studio Version 16
VisualStudioVersion = 16.0.30517.126
MinimumVisualStudioVersion = 10.0.40219.1
Project("{FAE04EC0-301F-11D3-BF4B-00C04F79EFBC}") = "SalesWebMVC", "SalesWebMVC\SalesWebMVC.csproj", "{D899E0C3-6EF2-472C-806B-C32C892B4956}"
EndProject
Global
	GlobalSection(SolutionConfigurationPlatforms) = preSolution
		Debug|Any CPU = Debug|Any CPU
		Release|Any CPU = Release|Any CPU
	EndGlobalSection
	GlobalSection(ProjectConfigurationPlatforms) = postSolution
		{D899E0C3-6EF2-472C-806B-C32C892B4956}.Debug|Any CPU.ActiveCfg = Debug|Any CPU
		{D899E0C3-6EF2-472C-806B-C32C892B4956}.Debug|Any CPU.Build.0 = Debug|Any CPU
		{D899E0C3-6EF2-472C-806B-C32C892B4956}.Release|Any CPU.ActiveCfg = Release|Any CPU
		{D899E0C3-6EF2-472C-806B-C32C892B4956}.Release|Any CPU.Build.0 = Release|Any CPU
	EndGlobalSection
	GlobalSection(SolutionProperties) = preSolution
		HideSolutionNode = FALSE
	EndGlobalSection
	GlobalSection(ExtensibilityGlobals) = postSolution
		SolutionGuid = {8CA139C7-1FB7-470D-8861-A98F098BF68E}
	EndGlobalSection
EndGlobal
